
Microsoft Visual Studio Solution File, Format Version 12.00
# Visual Studio Version 17
VisualStudioVersion = 17.11.35327.3
MinimumVisualStudioVersion = 10.0.40219.1
Project("{2150E333-8FDC-42A3-9474-1A3956D46DE8}") = "1_DataAccess", "1_DataAccess", "{BDCCEBB3-1726-4857-B2CE-419A93CA7966}"
EndProject
Project("{2150E333-8FDC-42A3-9474-1A3956D46DE8}") = "2_Common", "2_Common", "{2896C508-8052-4C4C-BF47-A156D4B5A27C}"
EndProject
Project("{2150E333-8FDC-42A3-9474-1A3956D46DE8}") = "6_Tests", "6_Tests", "{2D746D82-F5C4-4C63-8AC5-9B695BE0143F}"
EndProject
Project("{9A19103F-16F7-4668-BE54-9A1E7A4F7556}") = "GradeMaster.Common", "Common\GradeMaster.Common\GradeMaster.Common.csproj", "{01ECD38E-D889-4F52-BA3B-A1DFDF11687A}"
EndProject
Project("{9A19103F-16F7-4668-BE54-9A1E7A4F7556}") = "GradeMaster.DataAccess", "DataAccess\GradeMaster.DataAccess\GradeMaster.DataAccess.csproj", "{8EEEB257-0D00-48A3-B8AD-0106CD698C32}"
EndProject
Project("{2150E333-8FDC-42A3-9474-1A3956D46DE8}") = "5_ApplicationConsoleClient", "5_ApplicationConsoleClient", "{77BC7E4E-EDB7-4DF0-AEB2-B744ACD29228}"
EndProject
Project("{9A19103F-16F7-4668-BE54-9A1E7A4F7556}") = "GradeMaster.ConsoleClient", "ConsoleClient\GradeMaster.ConsoleClient\GradeMaster.ConsoleClient.csproj", "{5A82F088-CCFA-40FD-8FCC-DF71C0BB820B}"
EndProject
Project("{2150E333-8FDC-42A3-9474-1A3956D46DE8}") = "4_ApplicationDesktopClient", "4_ApplicationDesktopClient", "{331F36AB-1180-438A-A167-193427B1191A}"
EndProject
Project("{FAE04EC0-301F-11D3-BF4B-00C04F79EFBC}") = "GradeMaster.DesktopClient", "Client\GradeMaster.DesktopClient\GradeMaster.DesktopClient.csproj", "{1531EA49-A0DF-4246-8CCF-12A71A4EAD37}"
EndProject
Project("{2150E333-8FDC-42A3-9474-1A3956D46DE8}") = "3_Logic", "3_Logic", "{8308C4A7-8740-41E3-A571-E09AF7936D7C}"
EndProject
Project("{FAE04EC0-301F-11D3-BF4B-00C04F79EFBC}") = "GradeMaster.Client.Shared", "Client\GradeMaster.Client.Shared\GradeMaster.Client.Shared.csproj", "{E01BBA5E-384D-4CEC-988D-091D18FB1187}"
EndProject
Project("{2150E333-8FDC-42A3-9474-1A3956D46DE8}") = "0_Interfaces", "0_Interfaces", "{1FA540EC-2FE2-430D-9380-70994EBBF1AB}"
EndProject
Project("{FAE04EC0-301F-11D3-BF4B-00C04F79EFBC}") = "GradeMaster.DataAccess.Interfaces", "Interfaces\GradeMaster.DataAccess.Interfaces\GradeMaster.DataAccess.Interfaces.csproj", "{0835DDBB-E0C5-4965-AF7A-21DD772F38DC}"
EndProject
Project("{FAE04EC0-301F-11D3-BF4B-00C04F79EFBC}") = "GradeMaster.Logic.Interfaces", "Interfaces\GradeMaster.Logic.Interfaces\GradeMaster.Logic.Interfaces.csproj", "{ADDF6B4A-47E4-48FB-9726-8324D8931C3A}"
EndProject
Project("{FAE04EC0-301F-11D3-BF4B-00C04F79EFBC}") = "GradeMaster.Logic", "Logic\GradeMaster.Logic\GradeMaster.Logic.csproj", "{78113E18-7CE8-4799-A59F-462EAB70BEB6}"
EndProject
Global
	GlobalSection(SolutionConfigurationPlatforms) = preSolution
		Debug|Any CPU = Debug|Any CPU
		Debug|arm64 = Debug|arm64
		Debug|x64 = Debug|x64
		Debug|x86 = Debug|x86
		Release|Any CPU = Release|Any CPU
		Release|arm64 = Release|arm64
		Release|x64 = Release|x64
		Release|x86 = Release|x86
	EndGlobalSection
	GlobalSection(ProjectConfigurationPlatforms) = postSolution
		{01ECD38E-D889-4F52-BA3B-A1DFDF11687A}.Debug|Any CPU.ActiveCfg = Debug|Any CPU
		{01ECD38E-D889-4F52-BA3B-A1DFDF11687A}.Debug|Any CPU.Build.0 = Debug|Any CPU
		{01ECD38E-D889-4F52-BA3B-A1DFDF11687A}.Debug|arm64.ActiveCfg = Debug|Any CPU
		{01ECD38E-D889-4F52-BA3B-A1DFDF11687A}.Debug|arm64.Build.0 = Debug|Any CPU
		{01ECD38E-D889-4F52-BA3B-A1DFDF11687A}.Debug|x64.ActiveCfg = Debug|Any CPU
		{01ECD38E-D889-4F52-BA3B-A1DFDF11687A}.Debug|x64.Build.0 = Debug|Any CPU
		{01ECD38E-D889-4F52-BA3B-A1DFDF11687A}.Debug|x86.ActiveCfg = Debug|Any CPU
		{01ECD38E-D889-4F52-BA3B-A1DFDF11687A}.Debug|x86.Build.0 = Debug|Any CPU
		{01ECD38E-D889-4F52-BA3B-A1DFDF11687A}.Release|Any CPU.ActiveCfg = Release|Any CPU
		{01ECD38E-D889-4F52-BA3B-A1DFDF11687A}.Release|Any CPU.Build.0 = Release|Any CPU
		{01ECD38E-D889-4F52-BA3B-A1DFDF11687A}.Release|arm64.ActiveCfg = Release|Any CPU
		{01ECD38E-D889-4F52-BA3B-A1DFDF11687A}.Release|arm64.Build.0 = Release|Any CPU
		{01ECD38E-D889-4F52-BA3B-A1DFDF11687A}.Release|x64.ActiveCfg = Release|Any CPU
		{01ECD38E-D889-4F52-BA3B-A1DFDF11687A}.Release|x64.Build.0 = Release|Any CPU
		{01ECD38E-D889-4F52-BA3B-A1DFDF11687A}.Release|x86.ActiveCfg = Release|Any CPU
		{01ECD38E-D889-4F52-BA3B-A1DFDF11687A}.Release|x86.Build.0 = Release|Any CPU
		{8EEEB257-0D00-48A3-B8AD-0106CD698C32}.Debug|Any CPU.ActiveCfg = Debug|Any CPU
		{8EEEB257-0D00-48A3-B8AD-0106CD698C32}.Debug|Any CPU.Build.0 = Debug|Any CPU
		{8EEEB257-0D00-48A3-B8AD-0106CD698C32}.Debug|arm64.ActiveCfg = Debug|Any CPU
		{8EEEB257-0D00-48A3-B8AD-0106CD698C32}.Debug|arm64.Build.0 = Debug|Any CPU
		{8EEEB257-0D00-48A3-B8AD-0106CD698C32}.Debug|x64.ActiveCfg = Debug|Any CPU
		{8EEEB257-0D00-48A3-B8AD-0106CD698C32}.Debug|x64.Build.0 = Debug|Any CPU
		{8EEEB257-0D00-48A3-B8AD-0106CD698C32}.Debug|x86.ActiveCfg = Debug|Any CPU
		{8EEEB257-0D00-48A3-B8AD-0106CD698C32}.Debug|x86.Build.0 = Debug|Any CPU
		{8EEEB257-0D00-48A3-B8AD-0106CD698C32}.Release|Any CPU.ActiveCfg = Release|Any CPU
		{8EEEB257-0D00-48A3-B8AD-0106CD698C32}.Release|Any CPU.Build.0 = Release|Any CPU
		{8EEEB257-0D00-48A3-B8AD-0106CD698C32}.Release|arm64.ActiveCfg = Release|Any CPU
		{8EEEB257-0D00-48A3-B8AD-0106CD698C32}.Release|arm64.Build.0 = Release|Any CPU
		{8EEEB257-0D00-48A3-B8AD-0106CD698C32}.Release|x64.ActiveCfg = Release|Any CPU
		{8EEEB257-0D00-48A3-B8AD-0106CD698C32}.Release|x64.Build.0 = Release|Any CPU
		{8EEEB257-0D00-48A3-B8AD-0106CD698C32}.Release|x86.ActiveCfg = Release|Any CPU
		{8EEEB257-0D00-48A3-B8AD-0106CD698C32}.Release|x86.Build.0 = Release|Any CPU
		{5A82F088-CCFA-40FD-8FCC-DF71C0BB820B}.Debug|Any CPU.ActiveCfg = Debug|Any CPU
		{5A82F088-CCFA-40FD-8FCC-DF71C0BB820B}.Debug|arm64.ActiveCfg = Debug|Any CPU
		{5A82F088-CCFA-40FD-8FCC-DF71C0BB820B}.Debug|arm64.Build.0 = Debug|Any CPU
		{5A82F088-CCFA-40FD-8FCC-DF71C0BB820B}.Debug|x64.ActiveCfg = Debug|Any CPU
		{5A82F088-CCFA-40FD-8FCC-DF71C0BB820B}.Debug|x64.Build.0 = Debug|Any CPU
		{5A82F088-CCFA-40FD-8FCC-DF71C0BB820B}.Debug|x86.ActiveCfg = Debug|Any CPU
		{5A82F088-CCFA-40FD-8FCC-DF71C0BB820B}.Debug|x86.Build.0 = Debug|Any CPU
		{5A82F088-CCFA-40FD-8FCC-DF71C0BB820B}.Release|Any CPU.ActiveCfg = Release|Any CPU
		{5A82F088-CCFA-40FD-8FCC-DF71C0BB820B}.Release|Any CPU.Build.0 = Release|Any CPU
		{5A82F088-CCFA-40FD-8FCC-DF71C0BB820B}.Release|arm64.ActiveCfg = Release|Any CPU
		{5A82F088-CCFA-40FD-8FCC-DF71C0BB820B}.Release|arm64.Build.0 = Release|Any CPU
		{5A82F088-CCFA-40FD-8FCC-DF71C0BB820B}.Release|x64.ActiveCfg = Release|Any CPU
		{5A82F088-CCFA-40FD-8FCC-DF71C0BB820B}.Release|x64.Build.0 = Release|Any CPU
		{5A82F088-CCFA-40FD-8FCC-DF71C0BB820B}.Release|x86.ActiveCfg = Release|Any CPU
		{5A82F088-CCFA-40FD-8FCC-DF71C0BB820B}.Release|x86.Build.0 = Release|Any CPU
		{1531EA49-A0DF-4246-8CCF-12A71A4EAD37}.Debug|Any CPU.ActiveCfg = Debug|Any CPU
		{1531EA49-A0DF-4246-8CCF-12A71A4EAD37}.Debug|Any CPU.Build.0 = Debug|Any CPU
		{1531EA49-A0DF-4246-8CCF-12A71A4EAD37}.Debug|arm64.ActiveCfg = Debug|Any CPU
		{1531EA49-A0DF-4246-8CCF-12A71A4EAD37}.Debug|arm64.Build.0 = Debug|Any CPU
		{1531EA49-A0DF-4246-8CCF-12A71A4EAD37}.Debug|x64.ActiveCfg = Debug|Any CPU
		{1531EA49-A0DF-4246-8CCF-12A71A4EAD37}.Debug|x64.Build.0 = Debug|Any CPU
		{1531EA49-A0DF-4246-8CCF-12A71A4EAD37}.Debug|x86.ActiveCfg = Debug|Any CPU
		{1531EA49-A0DF-4246-8CCF-12A71A4EAD37}.Debug|x86.Build.0 = Debug|Any CPU
		{1531EA49-A0DF-4246-8CCF-12A71A4EAD37}.Release|Any CPU.ActiveCfg = Release|Any CPU
		{1531EA49-A0DF-4246-8CCF-12A71A4EAD37}.Release|Any CPU.Build.0 = Release|Any CPU
		{1531EA49-A0DF-4246-8CCF-12A71A4EAD37}.Release|arm64.ActiveCfg = Release|Any CPU
		{1531EA49-A0DF-4246-8CCF-12A71A4EAD37}.Release|arm64.Build.0 = Release|Any CPU
		{1531EA49-A0DF-4246-8CCF-12A71A4EAD37}.Release|x64.ActiveCfg = Release|Any CPU
		{1531EA49-A0DF-4246-8CCF-12A71A4EAD37}.Release|x64.Build.0 = Release|Any CPU
		{1531EA49-A0DF-4246-8CCF-12A71A4EAD37}.Release|x86.ActiveCfg = Release|Any CPU
		{1531EA49-A0DF-4246-8CCF-12A71A4EAD37}.Release|x86.Build.0 = Release|Any CPU
		{E01BBA5E-384D-4CEC-988D-091D18FB1187}.Debug|Any CPU.ActiveCfg = Debug|Any CPU
		{E01BBA5E-384D-4CEC-988D-091D18FB1187}.Debug|Any CPU.Build.0 = Debug|Any CPU
		{E01BBA5E-384D-4CEC-988D-091D18FB1187}.Debug|arm64.ActiveCfg = Debug|Any CPU
		{E01BBA5E-384D-4CEC-988D-091D18FB1187}.Debug|arm64.Build.0 = Debug|Any CPU
		{E01BBA5E-384D-4CEC-988D-091D18FB1187}.Debug|x64.ActiveCfg = Debug|Any CPU
		{E01BBA5E-384D-4CEC-988D-091D18FB1187}.Debug|x64.Build.0 = Debug|Any CPU
		{E01BBA5E-384D-4CEC-988D-091D18FB1187}.Debug|x86.ActiveCfg = Debug|Any CPU
		{E01BBA5E-384D-4CEC-988D-091D18FB1187}.Debug|x86.Build.0 = Debug|Any CPU
		{E01BBA5E-384D-4CEC-988D-091D18FB1187}.Release|Any CPU.ActiveCfg = Release|Any CPU
		{E01BBA5E-384D-4CEC-988D-091D18FB1187}.Release|Any CPU.Build.0 = Release|Any CPU
		{E01BBA5E-384D-4CEC-988D-091D18FB1187}.Release|arm64.ActiveCfg = Release|Any CPU
		{E01BBA5E-384D-4CEC-988D-091D18FB1187}.Release|arm64.Build.0 = Release|Any CPU
		{E01BBA5E-384D-4CEC-988D-091D18FB1187}.Release|x64.ActiveCfg = Release|Any CPU
		{E01BBA5E-384D-4CEC-988D-091D18FB1187}.Release|x64.Build.0 = Release|Any CPU
		{E01BBA5E-384D-4CEC-988D-091D18FB1187}.Release|x86.ActiveCfg = Release|Any CPU
		{E01BBA5E-384D-4CEC-988D-091D18FB1187}.Release|x86.Build.0 = Release|Any CPU
		{0835DDBB-E0C5-4965-AF7A-21DD772F38DC}.Debug|Any CPU.ActiveCfg = Debug|Any CPU
		{0835DDBB-E0C5-4965-AF7A-21DD772F38DC}.Debug|Any CPU.Build.0 = Debug|Any CPU
		{0835DDBB-E0C5-4965-AF7A-21DD772F38DC}.Debug|arm64.ActiveCfg = Debug|Any CPU
		{0835DDBB-E0C5-4965-AF7A-21DD772F38DC}.Debug|arm64.Build.0 = Debug|Any CPU
		{0835DDBB-E0C5-4965-AF7A-21DD772F38DC}.Debug|x64.ActiveCfg = Debug|Any CPU
		{0835DDBB-E0C5-4965-AF7A-21DD772F38DC}.Debug|x64.Build.0 = Debug|Any CPU
		{0835DDBB-E0C5-4965-AF7A-21DD772F38DC}.Debug|x86.ActiveCfg = Debug|Any CPU
		{0835DDBB-E0C5-4965-AF7A-21DD772F38DC}.Debug|x86.Build.0 = Debug|Any CPU
		{0835DDBB-E0C5-4965-AF7A-21DD772F38DC}.Release|Any CPU.ActiveCfg = Release|Any CPU
		{0835DDBB-E0C5-4965-AF7A-21DD772F38DC}.Release|Any CPU.Build.0 = Release|Any CPU
		{0835DDBB-E0C5-4965-AF7A-21DD772F38DC}.Release|arm64.ActiveCfg = Release|Any CPU
		{0835DDBB-E0C5-4965-AF7A-21DD772F38DC}.Release|arm64.Build.0 = Release|Any CPU
		{0835DDBB-E0C5-4965-AF7A-21DD772F38DC}.Release|x64.ActiveCfg = Release|Any CPU
		{0835DDBB-E0C5-4965-AF7A-21DD772F38DC}.Release|x64.Build.0 = Release|Any CPU
		{0835DDBB-E0C5-4965-AF7A-21DD772F38DC}.Release|x86.ActiveCfg = Release|Any CPU
		{0835DDBB-E0C5-4965-AF7A-21DD772F38DC}.Release|x86.Build.0 = Release|Any CPU
		{ADDF6B4A-47E4-48FB-9726-8324D8931C3A}.Debug|Any CPU.ActiveCfg = Debug|Any CPU
		{ADDF6B4A-47E4-48FB-9726-8324D8931C3A}.Debug|Any CPU.Build.0 = Debug|Any CPU
		{ADDF6B4A-47E4-48FB-9726-8324D8931C3A}.Debug|arm64.ActiveCfg = Debug|Any CPU
		{ADDF6B4A-47E4-48FB-9726-8324D8931C3A}.Debug|arm64.Build.0 = Debug|Any CPU
		{ADDF6B4A-47E4-48FB-9726-8324D8931C3A}.Debug|x64.ActiveCfg = Debug|Any CPU
		{ADDF6B4A-47E4-48FB-9726-8324D8931C3A}.Debug|x64.Build.0 = Debug|Any CPU
		{ADDF6B4A-47E4-48FB-9726-8324D8931C3A}.Debug|x86.ActiveCfg = Debug|Any CPU
		{ADDF6B4A-47E4-48FB-9726-8324D8931C3A}.Debug|x86.Build.0 = Debug|Any CPU
		{ADDF6B4A-47E4-48FB-9726-8324D8931C3A}.Release|Any CPU.ActiveCfg = Release|Any CPU
		{ADDF6B4A-47E4-48FB-9726-8324D8931C3A}.Release|Any CPU.Build.0 = Release|Any CPU
		{ADDF6B4A-47E4-48FB-9726-8324D8931C3A}.Release|arm64.ActiveCfg = Release|Any CPU
		{ADDF6B4A-47E4-48FB-9726-8324D8931C3A}.Release|arm64.Build.0 = Release|Any CPU
		{ADDF6B4A-47E4-48FB-9726-8324D8931C3A}.Release|x64.ActiveCfg = Release|Any CPU
		{ADDF6B4A-47E4-48FB-9726-8324D8931C3A}.Release|x64.Build.0 = Release|Any CPU
		{ADDF6B4A-47E4-48FB-9726-8324D8931C3A}.Release|x86.ActiveCfg = Release|Any CPU
		{ADDF6B4A-47E4-48FB-9726-8324D8931C3A}.Release|x86.Build.0 = Release|Any CPU
		{78113E18-7CE8-4799-A59F-462EAB70BEB6}.Debug|Any CPU.ActiveCfg = Debug|Any CPU
		{78113E18-7CE8-4799-A59F-462EAB70BEB6}.Debug|Any CPU.Build.0 = Debug|Any CPU
		{78113E18-7CE8-4799-A59F-462EAB70BEB6}.Debug|arm64.ActiveCfg = Debug|Any CPU
		{78113E18-7CE8-4799-A59F-462EAB70BEB6}.Debug|arm64.Build.0 = Debug|Any CPU
		{78113E18-7CE8-4799-A59F-462EAB70BEB6}.Debug|x64.ActiveCfg = Debug|Any CPU
		{78113E18-7CE8-4799-A59F-462EAB70BEB6}.Debug|x64.Build.0 = Debug|Any CPU
		{78113E18-7CE8-4799-A59F-462EAB70BEB6}.Debug|x86.ActiveCfg = Debug|Any CPU
		{78113E18-7CE8-4799-A59F-462EAB70BEB6}.Debug|x86.Build.0 = Debug|Any CPU
		{78113E18-7CE8-4799-A59F-462EAB70BEB6}.Release|Any CPU.ActiveCfg = Release|Any CPU
		{78113E18-7CE8-4799-A59F-462EAB70BEB6}.Release|Any CPU.Build.0 = Release|Any CPU
		{78113E18-7CE8-4799-A59F-462EAB70BEB6}.Release|arm64.ActiveCfg = Release|Any CPU
		{78113E18-7CE8-4799-A59F-462EAB70BEB6}.Release|arm64.Build.0 = Release|Any CPU
		{78113E18-7CE8-4799-A59F-462EAB70BEB6}.Release|x64.ActiveCfg = Release|Any CPU
		{78113E18-7CE8-4799-A59F-462EAB70BEB6}.Release|x64.Build.0 = Release|Any CPU
		{78113E18-7CE8-4799-A59F-462EAB70BEB6}.Release|x86.ActiveCfg = Release|Any CPU
		{78113E18-7CE8-4799-A59F-462EAB70BEB6}.Release|x86.Build.0 = Release|Any CPU
	EndGlobalSection
	GlobalSection(SolutionProperties) = preSolution
		HideSolutionNode = FALSE
	EndGlobalSection
	GlobalSection(NestedProjects) = preSolution
		{01ECD38E-D889-4F52-BA3B-A1DFDF11687A} = {2896C508-8052-4C4C-BF47-A156D4B5A27C}
		{8EEEB257-0D00-48A3-B8AD-0106CD698C32} = {BDCCEBB3-1726-4857-B2CE-419A93CA7966}
		{5A82F088-CCFA-40FD-8FCC-DF71C0BB820B} = {77BC7E4E-EDB7-4DF0-AEB2-B744ACD29228}
		{1531EA49-A0DF-4246-8CCF-12A71A4EAD37} = {331F36AB-1180-438A-A167-193427B1191A}
		{E01BBA5E-384D-4CEC-988D-091D18FB1187} = {331F36AB-1180-438A-A167-193427B1191A}
		{0835DDBB-E0C5-4965-AF7A-21DD772F38DC} = {1FA540EC-2FE2-430D-9380-70994EBBF1AB}
		{ADDF6B4A-47E4-48FB-9726-8324D8931C3A} = {1FA540EC-2FE2-430D-9380-70994EBBF1AB}
		{78113E18-7CE8-4799-A59F-462EAB70BEB6} = {8308C4A7-8740-41E3-A571-E09AF7936D7C}
	EndGlobalSection
	GlobalSection(ExtensibilityGlobals) = postSolution
		SolutionGuid = {B1AD1058-4434-487F-8882-CC5F6C681F50}
	EndGlobalSection
EndGlobal
